
Microsoft Visual Studio Solution File, Format Version 12.00
# Visual Studio 14
VisualStudioVersion = 14.0.24720.0
MinimumVisualStudioVersion = 10.0.40219.1
Project("{8BC9CEB8-8B4A-11D0-8D11-00A0C91BC942}") = "fli-utility", "fli-utility\fli-utility.vcxproj", "{F5A44EAD-F451-46A0-B622-5088B55578D9}"
EndProject
Project("{8BC9CEB8-8B4A-11D0-8D11-00A0C91BC942}") = "gtest", "gtest\gtest.vcxproj", "{853EA477-0E4E-41DD-8A28-9C3F915082EE}"
EndProject
Project("{8BC9CEB8-8B4A-11D0-8D11-00A0C91BC942}") = "fli-utility-unittest", "fli-utility-unittest\fli-utility-unittest.vcxproj", "{718EE457-2152-45DF-BC3F-54DE9F19982F}"
EndProject
Global
	GlobalSection(SolutionConfigurationPlatforms) = preSolution
		Debug|x64 = Debug|x64
		Debug|x86 = Debug|x86
		Release|x64 = Release|x64
		Release|x86 = Release|x86
	EndGlobalSection
	GlobalSection(ProjectConfigurationPlatforms) = postSolution
		{F5A44EAD-F451-46A0-B622-5088B55578D9}.Debug|x64.ActiveCfg = Debug|x64
		{F5A44EAD-F451-46A0-B622-5088B55578D9}.Debug|x64.Build.0 = Debug|x64
		{F5A44EAD-F451-46A0-B622-5088B55578D9}.Debug|x86.ActiveCfg = Debug|Win32
		{F5A44EAD-F451-46A0-B622-5088B55578D9}.Debug|x86.Build.0 = Debug|Win32
		{F5A44EAD-F451-46A0-B622-5088B55578D9}.Release|x64.ActiveCfg = Release|x64
		{F5A44EAD-F451-46A0-B622-5088B55578D9}.Release|x64.Build.0 = Release|x64
		{F5A44EAD-F451-46A0-B622-5088B55578D9}.Release|x86.ActiveCfg = Release|Win32
		{F5A44EAD-F451-46A0-B622-5088B55578D9}.Release|x86.Build.0 = Release|Win32
		{853EA477-0E4E-41DD-8A28-9C3F915082EE}.Debug|x64.ActiveCfg = Debug|x64
		{853EA477-0E4E-41DD-8A28-9C3F915082EE}.Debug|x64.Build.0 = Debug|x64
		{853EA477-0E4E-41DD-8A28-9C3F915082EE}.Debug|x86.ActiveCfg = Debug|Win32
		{853EA477-0E4E-41DD-8A28-9C3F915082EE}.Debug|x86.Build.0 = Debug|Win32
		{853EA477-0E4E-41DD-8A28-9C3F915082EE}.Release|x64.ActiveCfg = Release|x64
		{853EA477-0E4E-41DD-8A28-9C3F915082EE}.Release|x64.Build.0 = Release|x64
		{853EA477-0E4E-41DD-8A28-9C3F915082EE}.Release|x86.ActiveCfg = Release|Win32
		{853EA477-0E4E-41DD-8A28-9C3F915082EE}.Release|x86.Build.0 = Release|Win32
		{718EE457-2152-45DF-BC3F-54DE9F19982F}.Debug|x64.ActiveCfg = Debug|x64
		{718EE457-2152-45DF-BC3F-54DE9F19982F}.Debug|x64.Build.0 = Debug|x64
		{718EE457-2152-45DF-BC3F-54DE9F19982F}.Debug|x86.ActiveCfg = Debug|Win32
		{718EE457-2152-45DF-BC3F-54DE9F19982F}.Debug|x86.Build.0 = Debug|Win32
		{718EE457-2152-45DF-BC3F-54DE9F19982F}.Release|x64.ActiveCfg = Release|x64
		{718EE457-2152-45DF-BC3F-54DE9F19982F}.Release|x64.Build.0 = Release|x64
		{718EE457-2152-45DF-BC3F-54DE9F19982F}.Release|x86.ActiveCfg = Release|Win32
		{718EE457-2152-45DF-BC3F-54DE9F19982F}.Release|x86.Build.0 = Release|Win32
	EndGlobalSection
	GlobalSection(SolutionProperties) = preSolution
		HideSolutionNode = FALSE
	EndGlobalSection
EndGlobal
