
Microsoft Visual Studio Solution File, Format Version 12.00
# Visual Studio 14
VisualStudioVersion = 14.0.24720.0
MinimumVisualStudioVersion = 10.0.40219.1
Project("{8BC9CEB8-8B4A-11D0-8D11-00A0C91BC942}") = "fli-utility", "fli-utility\fli-utility.vcxproj", "{F5A44EAD-F451-46A0-B622-5088B55578D9}"
EndProject
Project("{8BC9CEB8-8B4A-11D0-8D11-00A0C91BC942}") = "gtest", "gtest\gtest.vcxproj", "{853EA477-0E4E-41DD-8A28-9C3F915082EE}"
EndProject
Project("{8BC9CEB8-8B4A-11D0-8D11-00A0C91BC942}") = "fli-utility-unittest", "fli-utility-unittest\fli-utility-unittest.vcxproj", "{718EE457-2152-45DF-BC3F-54DE9F19982F}"
EndProject
Project("{8BC9CEB8-8B4A-11D0-8D11-00A0C91BC942}") = "gmock", "gmock\gmock.vcxproj", "{AC08E4E7-C8C4-40D6-A5C7-2C5F6A1030CF}"
EndProject
Project("{8BC9CEB8-8B4A-11D0-8D11-00A0C91BC942}") = "vulkan-renderer", "vulkan-renderer\vulkan-renderer.vcxproj", "{1B02884B-30AD-434C-A87C-9BCDB439E809}"
EndProject
Project("{8BC9CEB8-8B4A-11D0-8D11-00A0C91BC942}") = "fli-app", "fli-app\fli-app.vcxproj", "{CD101451-6B4D-4EF4-A145-7F54ED806D40}"
EndProject
Project("{8BC9CEB8-8B4A-11D0-8D11-00A0C91BC942}") = "fli-render", "fli-render\fli-render.vcxproj", "{3F608799-053E-427E-99A9-A023D8A9E8CA}"
EndProject
Project("{8BC9CEB8-8B4A-11D0-8D11-00A0C91BC942}") = "fli-core", "fli-core\fli-core.vcxproj", "{95529E31-C131-47AA-B1AC-D61DA37594DF}"
EndProject
Global
	GlobalSection(SolutionConfigurationPlatforms) = preSolution
		Debug|x64 = Debug|x64
		Debug|x86 = Debug|x86
		Release|x64 = Release|x64
		Release|x86 = Release|x86
	EndGlobalSection
	GlobalSection(ProjectConfigurationPlatforms) = postSolution
		{F5A44EAD-F451-46A0-B622-5088B55578D9}.Debug|x64.ActiveCfg = Debug|x64
		{F5A44EAD-F451-46A0-B622-5088B55578D9}.Debug|x64.Build.0 = Debug|x64
		{F5A44EAD-F451-46A0-B622-5088B55578D9}.Debug|x86.ActiveCfg = Debug|Win32
		{F5A44EAD-F451-46A0-B622-5088B55578D9}.Debug|x86.Build.0 = Debug|Win32
		{F5A44EAD-F451-46A0-B622-5088B55578D9}.Release|x64.ActiveCfg = Release|x64
		{F5A44EAD-F451-46A0-B622-5088B55578D9}.Release|x64.Build.0 = Release|x64
		{F5A44EAD-F451-46A0-B622-5088B55578D9}.Release|x86.ActiveCfg = Release|Win32
		{F5A44EAD-F451-46A0-B622-5088B55578D9}.Release|x86.Build.0 = Release|Win32
		{853EA477-0E4E-41DD-8A28-9C3F915082EE}.Debug|x64.ActiveCfg = Debug|x64
		{853EA477-0E4E-41DD-8A28-9C3F915082EE}.Debug|x64.Build.0 = Debug|x64
		{853EA477-0E4E-41DD-8A28-9C3F915082EE}.Debug|x86.ActiveCfg = Debug|Win32
		{853EA477-0E4E-41DD-8A28-9C3F915082EE}.Debug|x86.Build.0 = Debug|Win32
		{853EA477-0E4E-41DD-8A28-9C3F915082EE}.Release|x64.ActiveCfg = Release|x64
		{853EA477-0E4E-41DD-8A28-9C3F915082EE}.Release|x64.Build.0 = Release|x64
		{853EA477-0E4E-41DD-8A28-9C3F915082EE}.Release|x86.ActiveCfg = Release|Win32
		{853EA477-0E4E-41DD-8A28-9C3F915082EE}.Release|x86.Build.0 = Release|Win32
		{718EE457-2152-45DF-BC3F-54DE9F19982F}.Debug|x64.ActiveCfg = Debug|x64
		{718EE457-2152-45DF-BC3F-54DE9F19982F}.Debug|x64.Build.0 = Debug|x64
		{718EE457-2152-45DF-BC3F-54DE9F19982F}.Debug|x86.ActiveCfg = Debug|Win32
		{718EE457-2152-45DF-BC3F-54DE9F19982F}.Debug|x86.Build.0 = Debug|Win32
		{718EE457-2152-45DF-BC3F-54DE9F19982F}.Release|x64.ActiveCfg = Release|x64
		{718EE457-2152-45DF-BC3F-54DE9F19982F}.Release|x64.Build.0 = Release|x64
		{718EE457-2152-45DF-BC3F-54DE9F19982F}.Release|x86.ActiveCfg = Release|Win32
		{718EE457-2152-45DF-BC3F-54DE9F19982F}.Release|x86.Build.0 = Release|Win32
		{AC08E4E7-C8C4-40D6-A5C7-2C5F6A1030CF}.Debug|x64.ActiveCfg = Debug|x64
		{AC08E4E7-C8C4-40D6-A5C7-2C5F6A1030CF}.Debug|x64.Build.0 = Debug|x64
		{AC08E4E7-C8C4-40D6-A5C7-2C5F6A1030CF}.Debug|x86.ActiveCfg = Debug|Win32
		{AC08E4E7-C8C4-40D6-A5C7-2C5F6A1030CF}.Debug|x86.Build.0 = Debug|Win32
		{AC08E4E7-C8C4-40D6-A5C7-2C5F6A1030CF}.Release|x64.ActiveCfg = Release|x64
		{AC08E4E7-C8C4-40D6-A5C7-2C5F6A1030CF}.Release|x64.Build.0 = Release|x64
		{AC08E4E7-C8C4-40D6-A5C7-2C5F6A1030CF}.Release|x86.ActiveCfg = Release|Win32
		{AC08E4E7-C8C4-40D6-A5C7-2C5F6A1030CF}.Release|x86.Build.0 = Release|Win32
		{1B02884B-30AD-434C-A87C-9BCDB439E809}.Debug|x64.ActiveCfg = Debug|x64
		{1B02884B-30AD-434C-A87C-9BCDB439E809}.Debug|x64.Build.0 = Debug|x64
		{1B02884B-30AD-434C-A87C-9BCDB439E809}.Debug|x86.ActiveCfg = Debug|Win32
		{1B02884B-30AD-434C-A87C-9BCDB439E809}.Debug|x86.Build.0 = Debug|Win32
		{1B02884B-30AD-434C-A87C-9BCDB439E809}.Release|x64.ActiveCfg = Release|x64
		{1B02884B-30AD-434C-A87C-9BCDB439E809}.Release|x64.Build.0 = Release|x64
		{1B02884B-30AD-434C-A87C-9BCDB439E809}.Release|x86.ActiveCfg = Release|Win32
		{1B02884B-30AD-434C-A87C-9BCDB439E809}.Release|x86.Build.0 = Release|Win32
		{CD101451-6B4D-4EF4-A145-7F54ED806D40}.Debug|x64.ActiveCfg = Debug|x64
		{CD101451-6B4D-4EF4-A145-7F54ED806D40}.Debug|x64.Build.0 = Debug|x64
		{CD101451-6B4D-4EF4-A145-7F54ED806D40}.Debug|x86.ActiveCfg = Debug|Win32
		{CD101451-6B4D-4EF4-A145-7F54ED806D40}.Debug|x86.Build.0 = Debug|Win32
		{CD101451-6B4D-4EF4-A145-7F54ED806D40}.Release|x64.ActiveCfg = Release|x64
		{CD101451-6B4D-4EF4-A145-7F54ED806D40}.Release|x64.Build.0 = Release|x64
		{CD101451-6B4D-4EF4-A145-7F54ED806D40}.Release|x86.ActiveCfg = Release|Win32
		{CD101451-6B4D-4EF4-A145-7F54ED806D40}.Release|x86.Build.0 = Release|Win32
		{3F608799-053E-427E-99A9-A023D8A9E8CA}.Debug|x64.ActiveCfg = Debug|x64
		{3F608799-053E-427E-99A9-A023D8A9E8CA}.Debug|x64.Build.0 = Debug|x64
		{3F608799-053E-427E-99A9-A023D8A9E8CA}.Debug|x86.ActiveCfg = Debug|Win32
		{3F608799-053E-427E-99A9-A023D8A9E8CA}.Debug|x86.Build.0 = Debug|Win32
		{3F608799-053E-427E-99A9-A023D8A9E8CA}.Release|x64.ActiveCfg = Release|x64
		{3F608799-053E-427E-99A9-A023D8A9E8CA}.Release|x64.Build.0 = Release|x64
		{3F608799-053E-427E-99A9-A023D8A9E8CA}.Release|x86.ActiveCfg = Release|Win32
		{3F608799-053E-427E-99A9-A023D8A9E8CA}.Release|x86.Build.0 = Release|Win32
		{95529E31-C131-47AA-B1AC-D61DA37594DF}.Debug|x64.ActiveCfg = Debug|x64
		{95529E31-C131-47AA-B1AC-D61DA37594DF}.Debug|x64.Build.0 = Debug|x64
		{95529E31-C131-47AA-B1AC-D61DA37594DF}.Debug|x86.ActiveCfg = Debug|Win32
		{95529E31-C131-47AA-B1AC-D61DA37594DF}.Debug|x86.Build.0 = Debug|Win32
		{95529E31-C131-47AA-B1AC-D61DA37594DF}.Release|x64.ActiveCfg = Release|x64
		{95529E31-C131-47AA-B1AC-D61DA37594DF}.Release|x64.Build.0 = Release|x64
		{95529E31-C131-47AA-B1AC-D61DA37594DF}.Release|x86.ActiveCfg = Release|Win32
		{95529E31-C131-47AA-B1AC-D61DA37594DF}.Release|x86.Build.0 = Release|Win32
	EndGlobalSection
	GlobalSection(SolutionProperties) = preSolution
		HideSolutionNode = FALSE
	EndGlobalSection
EndGlobal
