
Microsoft Visual Studio Solution File, Format Version 12.00
# Visual Studio 15
VisualStudioVersion = 15.0.26403.7
MinimumVisualStudioVersion = 10.0.40219.1
Project("{8BC9CEB8-8B4A-11D0-8D11-00A0C91BC942}") = "OpenGl", "OpenGl\OpenGl.vcxproj", "{788ABE15-9257-458E-B49E-1C68C185ADC2}"
EndProject
Project("{8BC9CEB8-8B4A-11D0-8D11-00A0C91BC942}") = "TestOpenGl", "TestOpenGl\TestOpenGl.vcxproj", "{C3C21C3D-F1C6-4A82-8FFD-BFFA47EEF65C}"
EndProject
Project("{8BC9CEB8-8B4A-11D0-8D11-00A0C91BC942}") = "OpenGlFacade", "OpenGlFacade\OpenGlFacade.vcxproj", "{39DA9780-78F5-4D0D-9170-EE90ED792B05}"
EndProject
Project("{8BC9CEB8-8B4A-11D0-8D11-00A0C91BC942}") = "glew", "glew\glew.vcxproj", "{FBA58CC3-BEF6-4AB0-B409-1F487E5D48DE}"
EndProject
Project("{8BC9CEB8-8B4A-11D0-8D11-00A0C91BC942}") = "GTest", "GTest\GTest.vcxproj", "{73FE867F-19F2-4A5D-AE59-537997C69E70}"
EndProject
Project("{8BC9CEB8-8B4A-11D0-8D11-00A0C91BC942}") = "GMock", "GMock\GMock.vcxproj", "{C52C6765-AFF3-43B6-A9AE-EF982D9B2950}"
EndProject
Project("{8BC9CEB8-8B4A-11D0-8D11-00A0C91BC942}") = "TestVisual", "TestVisual\TestVisual.vcxproj", "{92B71306-F749-4521-8785-36DFFDD2D6D2}"
EndProject
Project("{8BC9CEB8-8B4A-11D0-8D11-00A0C91BC942}") = "GLFW", "GLFW\GLFW.vcxproj", "{DC3C8CC3-C557-47E5-864D-ED2A93B1523B}"
EndProject
Global
	GlobalSection(SolutionConfigurationPlatforms) = preSolution
		Debug|x64 = Debug|x64
		Debug|x86 = Debug|x86
		Release|x64 = Release|x64
		Release|x86 = Release|x86
	EndGlobalSection
	GlobalSection(ProjectConfigurationPlatforms) = postSolution
		{788ABE15-9257-458E-B49E-1C68C185ADC2}.Debug|x64.ActiveCfg = Debug|x64
		{788ABE15-9257-458E-B49E-1C68C185ADC2}.Debug|x64.Build.0 = Debug|x64
		{788ABE15-9257-458E-B49E-1C68C185ADC2}.Debug|x86.ActiveCfg = Debug|Win32
		{788ABE15-9257-458E-B49E-1C68C185ADC2}.Debug|x86.Build.0 = Debug|Win32
		{788ABE15-9257-458E-B49E-1C68C185ADC2}.Release|x64.ActiveCfg = Release|x64
		{788ABE15-9257-458E-B49E-1C68C185ADC2}.Release|x64.Build.0 = Release|x64
		{788ABE15-9257-458E-B49E-1C68C185ADC2}.Release|x86.ActiveCfg = Release|Win32
		{788ABE15-9257-458E-B49E-1C68C185ADC2}.Release|x86.Build.0 = Release|Win32
		{C3C21C3D-F1C6-4A82-8FFD-BFFA47EEF65C}.Debug|x64.ActiveCfg = Debug|x64
		{C3C21C3D-F1C6-4A82-8FFD-BFFA47EEF65C}.Debug|x64.Build.0 = Debug|x64
		{C3C21C3D-F1C6-4A82-8FFD-BFFA47EEF65C}.Debug|x86.ActiveCfg = Debug|Win32
		{C3C21C3D-F1C6-4A82-8FFD-BFFA47EEF65C}.Debug|x86.Build.0 = Debug|Win32
		{C3C21C3D-F1C6-4A82-8FFD-BFFA47EEF65C}.Release|x64.ActiveCfg = Release|x64
		{C3C21C3D-F1C6-4A82-8FFD-BFFA47EEF65C}.Release|x64.Build.0 = Release|x64
		{C3C21C3D-F1C6-4A82-8FFD-BFFA47EEF65C}.Release|x86.ActiveCfg = Release|Win32
		{C3C21C3D-F1C6-4A82-8FFD-BFFA47EEF65C}.Release|x86.Build.0 = Release|Win32
		{39DA9780-78F5-4D0D-9170-EE90ED792B05}.Debug|x64.ActiveCfg = Debug|x64
		{39DA9780-78F5-4D0D-9170-EE90ED792B05}.Debug|x64.Build.0 = Debug|x64
		{39DA9780-78F5-4D0D-9170-EE90ED792B05}.Debug|x86.ActiveCfg = Debug|Win32
		{39DA9780-78F5-4D0D-9170-EE90ED792B05}.Debug|x86.Build.0 = Debug|Win32
		{39DA9780-78F5-4D0D-9170-EE90ED792B05}.Release|x64.ActiveCfg = Release|x64
		{39DA9780-78F5-4D0D-9170-EE90ED792B05}.Release|x64.Build.0 = Release|x64
		{39DA9780-78F5-4D0D-9170-EE90ED792B05}.Release|x86.ActiveCfg = Release|Win32
		{39DA9780-78F5-4D0D-9170-EE90ED792B05}.Release|x86.Build.0 = Release|Win32
		{FBA58CC3-BEF6-4AB0-B409-1F487E5D48DE}.Debug|x64.ActiveCfg = Debug|x64
		{FBA58CC3-BEF6-4AB0-B409-1F487E5D48DE}.Debug|x64.Build.0 = Debug|x64
		{FBA58CC3-BEF6-4AB0-B409-1F487E5D48DE}.Debug|x64.Deploy.0 = Debug|x64
		{FBA58CC3-BEF6-4AB0-B409-1F487E5D48DE}.Debug|x86.ActiveCfg = Debug|Win32
		{FBA58CC3-BEF6-4AB0-B409-1F487E5D48DE}.Debug|x86.Build.0 = Debug|Win32
		{FBA58CC3-BEF6-4AB0-B409-1F487E5D48DE}.Debug|x86.Deploy.0 = Debug|Win32
		{FBA58CC3-BEF6-4AB0-B409-1F487E5D48DE}.Release|x64.ActiveCfg = Release|x64
		{FBA58CC3-BEF6-4AB0-B409-1F487E5D48DE}.Release|x64.Build.0 = Release|x64
		{FBA58CC3-BEF6-4AB0-B409-1F487E5D48DE}.Release|x64.Deploy.0 = Release|x64
		{FBA58CC3-BEF6-4AB0-B409-1F487E5D48DE}.Release|x86.ActiveCfg = Release|Win32
		{FBA58CC3-BEF6-4AB0-B409-1F487E5D48DE}.Release|x86.Build.0 = Release|Win32
		{FBA58CC3-BEF6-4AB0-B409-1F487E5D48DE}.Release|x86.Deploy.0 = Release|Win32
		{73FE867F-19F2-4A5D-AE59-537997C69E70}.Debug|x64.ActiveCfg = Debug|x64
		{73FE867F-19F2-4A5D-AE59-537997C69E70}.Debug|x64.Build.0 = Debug|x64
		{73FE867F-19F2-4A5D-AE59-537997C69E70}.Debug|x86.ActiveCfg = Debug|Win32
		{73FE867F-19F2-4A5D-AE59-537997C69E70}.Debug|x86.Build.0 = Debug|Win32
		{73FE867F-19F2-4A5D-AE59-537997C69E70}.Release|x64.ActiveCfg = Release|x64
		{73FE867F-19F2-4A5D-AE59-537997C69E70}.Release|x64.Build.0 = Release|x64
		{73FE867F-19F2-4A5D-AE59-537997C69E70}.Release|x86.ActiveCfg = Release|Win32
		{73FE867F-19F2-4A5D-AE59-537997C69E70}.Release|x86.Build.0 = Release|Win32
		{C52C6765-AFF3-43B6-A9AE-EF982D9B2950}.Debug|x64.ActiveCfg = Debug|x64
		{C52C6765-AFF3-43B6-A9AE-EF982D9B2950}.Debug|x64.Build.0 = Debug|x64
		{C52C6765-AFF3-43B6-A9AE-EF982D9B2950}.Debug|x86.ActiveCfg = Debug|Win32
		{C52C6765-AFF3-43B6-A9AE-EF982D9B2950}.Debug|x86.Build.0 = Debug|Win32
		{C52C6765-AFF3-43B6-A9AE-EF982D9B2950}.Release|x64.ActiveCfg = Release|x64
		{C52C6765-AFF3-43B6-A9AE-EF982D9B2950}.Release|x64.Build.0 = Release|x64
		{C52C6765-AFF3-43B6-A9AE-EF982D9B2950}.Release|x86.ActiveCfg = Release|Win32
		{C52C6765-AFF3-43B6-A9AE-EF982D9B2950}.Release|x86.Build.0 = Release|Win32
		{92B71306-F749-4521-8785-36DFFDD2D6D2}.Debug|x64.ActiveCfg = Debug|x64
		{92B71306-F749-4521-8785-36DFFDD2D6D2}.Debug|x64.Build.0 = Debug|x64
		{92B71306-F749-4521-8785-36DFFDD2D6D2}.Debug|x86.ActiveCfg = Debug|Win32
		{92B71306-F749-4521-8785-36DFFDD2D6D2}.Debug|x86.Build.0 = Debug|Win32
		{92B71306-F749-4521-8785-36DFFDD2D6D2}.Release|x64.ActiveCfg = Release|x64
		{92B71306-F749-4521-8785-36DFFDD2D6D2}.Release|x64.Build.0 = Release|x64
		{92B71306-F749-4521-8785-36DFFDD2D6D2}.Release|x86.ActiveCfg = Release|Win32
		{92B71306-F749-4521-8785-36DFFDD2D6D2}.Release|x86.Build.0 = Release|Win32
		{DC3C8CC3-C557-47E5-864D-ED2A93B1523B}.Debug|x64.ActiveCfg = Debug|x64
		{DC3C8CC3-C557-47E5-864D-ED2A93B1523B}.Debug|x64.Build.0 = Debug|x64
		{DC3C8CC3-C557-47E5-864D-ED2A93B1523B}.Debug|x86.ActiveCfg = Debug|Win32
		{DC3C8CC3-C557-47E5-864D-ED2A93B1523B}.Debug|x86.Build.0 = Debug|Win32
		{DC3C8CC3-C557-47E5-864D-ED2A93B1523B}.Release|x64.ActiveCfg = Release|x64
		{DC3C8CC3-C557-47E5-864D-ED2A93B1523B}.Release|x64.Build.0 = Release|x64
		{DC3C8CC3-C557-47E5-864D-ED2A93B1523B}.Release|x86.ActiveCfg = Release|Win32
		{DC3C8CC3-C557-47E5-864D-ED2A93B1523B}.Release|x86.Build.0 = Release|Win32
	EndGlobalSection
	GlobalSection(SolutionProperties) = preSolution
		HideSolutionNode = FALSE
	EndGlobalSection
EndGlobal
