<?xml version="1.0" encoding="utf-8"?>
<Project ToolsVersion="4.0" xmlns="http://schemas.microsoft.com/developer/msbuild/2003">
  <ItemGroup>
    <Filter Include="Source Files">
      <UniqueIdentifier>{4FC737F1-C7A5-4376-A066-2A32D752A2FF}</UniqueIdentifier>
      <Extensions>cpp;c;cc;cxx;def;odl;idl;hpj;bat;asm;asmx</Extensions>
    </Filter>
    <Filter Include="Header Files">
      <UniqueIdentifier>{93995380-89BD-4b04-88EB-625FBE52EBFB}</UniqueIdentifier>
      <Extensions>h;hh;hpp;hxx;hm;inl;inc;xsd</Extensions>
    </Filter>
    <Filter Include="Header Files\OpenGL">
      <UniqueIdentifier>{784eb1fe-974b-425c-a870-b5d2ea055999}</UniqueIdentifier>
    </Filter>
    <Filter Include="Source Files\OpenGL">
      <UniqueIdentifier>{32bdaeb6-72f0-4779-8d06-f475298fb9d4}</UniqueIdentifier>
    </Filter>
    <Filter Include="Header Files\Exceptions">
      <UniqueIdentifier>{6779c929-fdb1-4532-83c5-eabe632b0562}</UniqueIdentifier>
    </Filter>
    <Filter Include="Source Files\Exceptions">
      <UniqueIdentifier>{3e860f11-a485-4274-80f4-068179fdddb0}</UniqueIdentifier>
    </Filter>
  </ItemGroup>
  <ItemGroup>
    <ClInclude Include="ShaderSourceLoader.hpp">
      <Filter>Header Files\OpenGL</Filter>
    </ClInclude>
    <ClInclude Include="IMeshLoader.hpp">
      <Filter>Header Files\OpenGL</Filter>
    </ClInclude>
    <ClInclude Include="ObjFileData.hpp">
      <Filter>Header Files\OpenGL</Filter>
    </ClInclude>
    <ClInclude Include="ObjParseException.hpp">
      <Filter>Header Files\Exceptions</Filter>
    </ClInclude>
    <ClInclude Include="ObjFileParser.hpp">
      <Filter>Header Files\OpenGL</Filter>
    </ClInclude>
    <ClInclude Include="PngImageLoader.hpp">
      <Filter>Header Files</Filter>
    </ClInclude>
    <ClInclude Include="InvalidFileTypeException.hpp">
      <Filter>Header Files\Exceptions</Filter>
    </ClInclude>
    <ClInclude Include="FileIOException.hpp">
      <Filter>Header Files\Exceptions</Filter>
    </ClInclude>
    <ClInclude Include="ImageData.hpp">
      <Filter>Header Files</Filter>
    </ClInclude>
  </ItemGroup>
  <ItemGroup>
    <ClCompile Include="ShaderSourceLoader.cpp">
      <Filter>Source Files\OpenGL</Filter>
    </ClCompile>
    <ClCompile Include="ObjFileParser.cpp">
      <Filter>Source Files\OpenGL</Filter>
    </ClCompile>
    <ClCompile Include="ObjFileData.cpp">
      <Filter>Source Files\OpenGL</Filter>
    </ClCompile>
    <ClCompile Include="PngImageLoader.cpp">
      <Filter>Source Files</Filter>
    </ClCompile>
    <ClCompile Include="ObjParseException.cpp">
      <Filter>Source Files\Exceptions</Filter>
    </ClCompile>
    <ClCompile Include="FileIOException.cpp">
      <Filter>Source Files\Exceptions</Filter>
    </ClCompile>
    <ClCompile Include="InvalidFileTypeException.cpp">
      <Filter>Source Files</Filter>
    </ClCompile>
  </ItemGroup>
</Project>